Microsoft Visual Studio Solution File, Format Version 11.00
# Visual Studio 2008

Project("{9B39254D-DF54-BF14-BA0D-63B1A411C6DE}") = "CameraAxis", "Assembly-CSharp.csproj", "{ECA5D00D-CDFC-B1D5-C30E-3A5986AAFF2B}"
EndProject
Global
	GlobalSection(SolutionConfigurationPlatforms) = preSolution
		Debug|Any CPU = Debug|Any CPU
		Release|Any CPU = Release|Any CPU
	EndGlobalSection
	GlobalSection(ProjectConfigurationPlatforms) = postSolution
		{ECA5D00D-CDFC-B1D5-C30E-3A5986AAFF2B}.Debug|Any CPU.ActiveCfg = Debug|Any CPU
		{ECA5D00D-CDFC-B1D5-C30E-3A5986AAFF2B}.Debug|Any CPU.Build.0 = Debug|Any CPU
		{ECA5D00D-CDFC-B1D5-C30E-3A5986AAFF2B}.Release|Any CPU.ActiveCfg = Release|Any CPU
		{ECA5D00D-CDFC-B1D5-C30E-3A5986AAFF2B}.Release|Any CPU.Build.0 = Release|Any CPU
	EndGlobalSection
	GlobalSection(SolutionProperties) = preSolution
		HideSolutionNode = FALSE
	EndGlobalSection
	GlobalSection(MonoDevelopProperties) = preSolution
		StartupItem = Assembly-CSharp.csproj
	EndGlobalSection
EndGlobal
